
Microsoft Visual Studio Solution File, Format Version 12.00
# Visual Studio 15
VisualStudioVersion = 15.0.27004.2005
MinimumVisualStudioVersion = 10.0.40219.1
Project("{FAE04EC0-301F-11D3-BF4B-00C04F79EFBC}") = "FootBallPlayer", "FootBallPlayer\FootBallPlayer.csproj", "{537B6ADC-2242-4DDD-96DE-7A638E344258}"
EndProject
Global
	GlobalSection(SolutionConfigurationPlatforms) = preSolution
		Debug|Any CPU = Debug|Any CPU
		Release|Any CPU = Release|Any CPU
	EndGlobalSection
	GlobalSection(ProjectConfigurationPlatforms) = postSolution
		{537B6ADC-2242-4DDD-96DE-7A638E344258}.Debug|Any CPU.ActiveCfg = Debug|Any CPU
		{537B6ADC-2242-4DDD-96DE-7A638E344258}.Debug|Any CPU.Build.0 = Debug|Any CPU
		{537B6ADC-2242-4DDD-96DE-7A638E344258}.Release|Any CPU.ActiveCfg = Release|Any CPU
		{537B6ADC-2242-4DDD-96DE-7A638E344258}.Release|Any CPU.Build.0 = Release|Any CPU
	EndGlobalSection
	GlobalSection(SolutionProperties) = preSolution
		HideSolutionNode = FALSE
	EndGlobalSection
	GlobalSection(ExtensibilityGlobals) = postSolution
		SolutionGuid = {CC6E8A9E-0293-47E7-B83F-602C04AEA6F3}
	EndGlobalSection
EndGlobal
